PODS:
  - Ads-CN-Beta/BUAdSDK (7.8.0.5)
  - Ads-CN-Beta/CSJMediation-Only (7.8.0.5):
    - Ads-CN-Beta/BUAdSDK
  - Flutter (1.0.0)
  - unionad_ios (0.0.1):
    - Ads-CN-Beta/BUAdSDK (= 7.8.0.5)
    - Ads-CN-Beta/CSJMediation-Only (= 7.8.0.5)
    - Flutter

DEPENDENCIES:
  - Flutter (from `Flutter`)
  - unionad_ios (from `.symlinks/plugins/unionad_ios/ios`)

SPEC REPOS:
  trunk:
    - Ads-CN-Beta

EXTERNAL SOURCES:
  Flutter:
    :path: Flutter
  unionad_ios:
    :path: ".symlinks/plugins/unionad_ios/ios"

SPEC CHECKSUMS:
  Ads-CN-Beta: 3a6a494935b7b310103c190a3b4249f8461136b3
  Flutter: e0871f40cf51350855a761d2e70bf5af5b9b5de7
  unionad_ios: 1efe59009af2fac5839629fd264d7b37692d0ddd

PODFILE CHECKSUM: cc1f88378b4bfcf93a6ce00d2c587857c6008d3b

COCOAPODS: 1.16.2
