PODS:
  - Ads-CN-Beta/BUAdSDK (7.8.0.0)
  - Ads-CN-Beta/CSJMediation-Only (7.8.0.0):
    - Ads-CN-Beta/BUAdSDK
  - Flutter (1.0.0)
  - flutter_unionad (0.0.1):
    - Ads-CN-Beta/BUAdSDK (= 7.8.0.0)
    - Ads-CN-Beta/CSJMediation-Only (= 7.8.0.0)
    - Flutter

DEPENDENCIES:
  - Flutter (from `Flutter`)
  - flutter_unionad (from `.symlinks/plugins/flutter_unionad/ios`)

SPEC REPOS:
  trunk:
    - Ads-CN-Beta

EXTERNAL SOURCES:
  Flutter:
    :path: Flutter
  flutter_unionad:
    :path: ".symlinks/plugins/flutter_unionad/ios"

SPEC CHECKSUMS:
  Ads-CN-Beta: 46322f8851914dbcf611028cee861633c63f5983
  Flutter: e0871f40cf51350855a761d2e70bf5af5b9b5de7
  flutter_unionad: 0d5fc5eee77fb6788110d9b86e73668163d8b4d4

PODFILE CHECKSUM: cc1f88378b4bfcf93a6ce00d2c587857c6008d3b

COCOAPODS: 1.16.2
