PODS:
  - Ads-CN-Beta/BUAdSDK (6.6.0.5)
  - Ads-CN-Beta/CSJMediation (6.6.0.5):
    - Ads-CN-Beta/BUAdSDK
  - Flutter (1.0.0)
  - flutter_unionad (0.0.1):
    - Ads-CN-Beta/BUAdSDK (= 6.6.0.5)
    - Ads-CN-Beta/CSJMediation (= 6.6.0.5)
    - Flutter

DEPENDENCIES:
  - Flutter (from `Flutter`)
  - flutter_unionad (from `.symlinks/plugins/flutter_unionad/ios`)

SPEC REPOS:
  trunk:
    - Ads-CN-Beta

EXTERNAL SOURCES:
  Flutter:
    :path: Flutter
  flutter_unionad:
    :path: ".symlinks/plugins/flutter_unionad/ios"

SPEC CHECKSUMS:
  Ads-CN-Beta: 40b38a5fee87505e67e259c4dbfe8f296d52695f
  Flutter: e0871f40cf51350855a761d2e70bf5af5b9b5de7
  flutter_unionad: 734dc8695cd3967e136ed078e01bc134425ec0d1

PODFILE CHECKSUM: 4e8f8b2be68aeea4c0d5beb6ff1e79fface1d048

COCOAPODS: 1.16.2
