PODS:
  - Ads-CN-Beta (5.8.0.7):
    - Ads-CN-Beta/BUAdSDK (= 5.8.0.7)
  - Ads-CN-Beta/BUAdSDK (5.8.0.7)
  - Flutter (1.0.0)
  - flutter_unionad (0.0.1):
    - Ads-CN-Beta (= 5.8.0.7)
    - Flutter

DEPENDENCIES:
  - Flutter (from `Flutter`)
  - flutter_unionad (from `.symlinks/plugins/flutter_unionad/ios`)

SPEC REPOS:
  trunk:
    - Ads-CN-Beta

EXTERNAL SOURCES:
  Flutter:
    :path: Flutter
  flutter_unionad:
    :path: ".symlinks/plugins/flutter_unionad/ios"

SPEC CHECKSUMS:
  Ads-CN-Beta: 10f45519e756d384f213484a0ddb28dc03ad5016
  Flutter: f04841e97a9d0b0a8025694d0796dd46242b2854
  flutter_unionad: 431a65308b154a93486f58e9b9b6bc308cc79ccc

PODFILE CHECKSUM: ef19549a9bc3046e7bb7d2fab4d021637c0c58a3

COCOAPODS: 1.11.3
