PODS:
  - Ads-CN-Beta/BUAdSDK (7.1.0.3)
  - Ads-CN-Beta/CSJMediation-Only (7.1.0.3):
    - Ads-CN-Beta/BUAdSDK
  - Flutter (1.0.0)
  - flutter_unionad (0.0.1):
    - Ads-CN-Beta/BUAdSDK (= 7.1.0.3)
    - Ads-CN-Beta/CSJMediation-Only (= 7.1.0.3)
    - Flutter

DEPENDENCIES:
  - Flutter (from `Flutter`)
  - flutter_unionad (from `.symlinks/plugins/flutter_unionad/ios`)

SPEC REPOS:
  trunk:
    - Ads-CN-Beta

EXTERNAL SOURCES:
  Flutter:
    :path: Flutter
  flutter_unionad:
    :path: ".symlinks/plugins/flutter_unionad/ios"

SPEC CHECKSUMS:
  Ads-CN-Beta: e9367d3347dd466522eac7fe0eded97bda8555eb
  Flutter: e0871f40cf51350855a761d2e70bf5af5b9b5de7
  flutter_unionad: f18c9402aa5d2f2dee842acdfe4f1fbb1878efb4

PODFILE CHECKSUM: 4e8f8b2be68aeea4c0d5beb6ff1e79fface1d048

COCOAPODS: 1.16.2
